
Microsoft Visual Studio Solution File, Format Version 12.00
# Visual Studio Version 16
VisualStudioVersion = 16.0.31229.75
MinimumVisualStudioVersion = 10.0.40219.1
Project("{FAE04EC0-301F-11D3-BF4B-00C04F79EFBC}") = "Lesson2Work4", "Lesson2Work4\Lesson2Work4.csproj", "{A0F103A9-D3BA-4A60-925D-9A6910F889C3}"
EndProject
Global
	GlobalSection(SolutionConfigurationPlatforms) = preSolution
		Debug|Any CPU = Debug|Any CPU
		Release|Any CPU = Release|Any CPU
	EndGlobalSection
	GlobalSection(ProjectConfigurationPlatforms) = postSolution
		{A0F103A9-D3BA-4A60-925D-9A6910F889C3}.Debug|Any CPU.ActiveCfg = Debug|Any CPU
		{A0F103A9-D3BA-4A60-925D-9A6910F889C3}.Debug|Any CPU.Build.0 = Debug|Any CPU
		{A0F103A9-D3BA-4A60-925D-9A6910F889C3}.Release|Any CPU.ActiveCfg = Release|Any CPU
		{A0F103A9-D3BA-4A60-925D-9A6910F889C3}.Release|Any CPU.Build.0 = Release|Any CPU
	EndGlobalSection
	GlobalSection(SolutionProperties) = preSolution
		HideSolutionNode = FALSE
	EndGlobalSection
	GlobalSection(ExtensibilityGlobals) = postSolution
		SolutionGuid = {E6CF98D1-2D08-43C6-88F3-B7999F05ABE8}
	EndGlobalSection
EndGlobal
